// !$*UTF8*$!
{
	archiveVersion = 1;
	classes = {
	};
	objectVersion = 51;
	objects = {

/* Begin PBXBuildFile section */
		0574C6A257D7332485A4A972 /* Pods_SideMenuMockAppTests.framework in Frameworks */ = {isa = PBXBuildFile; fileRef = 11F900FB070106A57D1CE3C6 /* Pods_SideMenuMockAppTests.framework */; };
		3BE0B55922B457FE749D2F5A /* Pods_SideMenuMockApp_SideMenuMockAppUITests.framework in Frameworks */ = {isa = PBXBuildFile; fileRef = 7B42D51902C77E8F32CD69EA /* Pods_SideMenuMockApp_SideMenuMockAppUITests.framework */; };
		4A9EFA1925F22B2A00634DCA /* AppDelegate.swift in Sources */ = {isa = PBXBuildFile; fileRef = 4A9EFA1825F22B2A00634DCA /* AppDelegate.swift */; };
		4A9EFA1B25F22B2A00634DCA /* SceneDelegate.swift in Sources */ = {isa = PBXBuildFile; fileRef = 4A9EFA1A25F22B2A00634DCA /* SceneDelegate.swift */; };
		4A9EFA2025F22B2A00634DCA /* Main.storyboard in Resources */ = {isa = PBXBuildFile; fileRef = 4A9EFA1E25F22B2A00634DCA /* Main.storyboard */; };
		4A9EFA2225F22B2C00634DCA /* Assets.xcassets in Resources */ = {isa = PBXBuildFile; fileRef = 4A9EFA2125F22B2C00634DCA /* Assets.xcassets */; };
		4A9EFA2525F22B2C00634DCA /* LaunchScreen.storyboard in Resources */ = {isa = PBXBuildFile; fileRef = 4A9EFA2325F22B2C00634DCA /* LaunchScreen.storyboard */; };
		4A9EFA3025F22B2C00634DCA /* SideMenuMockAppTests.swift in Sources */ = {isa = PBXBuildFile; fileRef = 4A9EFA2F25F22B2C00634DCA /* SideMenuMockAppTests.swift */; };
		4A9EFA3B25F22B2C00634DCA /* SideMenuMockAppUITests.swift in Sources */ = {isa = PBXBuildFile; fileRef = 4A9EFA3A25F22B2C00634DCA /* SideMenuMockAppUITests.swift */; };
		4A9EFA5A25F2653100634DCA /* MainViewController.swift in Sources */ = {isa = PBXBuildFile; fileRef = 4A9EFA5925F2653100634DCA /* MainViewController.swift */; };
		4A9EFA5F25F2654300634DCA /* SlideViewController.swift in Sources */ = {isa = PBXBuildFile; fileRef = 4A9EFA5E25F2654300634DCA /* SlideViewController.swift */; };
		4A9EFA6425F2655800634DCA /* LeftViewController.swift in Sources */ = {isa = PBXBuildFile; fileRef = 4A9EFA6325F2655800634DCA /* LeftViewController.swift */; };
		4A9EFA6925F2656A00634DCA /* RightViewController.swift in Sources */ = {isa = PBXBuildFile; fileRef = 4A9EFA6825F2656A00634DCA /* RightViewController.swift */; };
		CEE319C8B3ADCC20DC0D767E /* Pods_SideMenuMockApp.framework in Frameworks */ = {isa = PBXBuildFile; fileRef = 8EC620CA8BA640E7375354ED /* Pods_SideMenuMockApp.framework */; };
/* End PBXBuildFile section */

/* Begin PBXContainerItemProxy section */
		4A9EFA2C25F22B2C00634DCA /* PBXContainerItemProxy */ = {
			isa = PBXContainerItemProxy;
			containerPortal = 4A9EFA0D25F22B2A00634DCA /* Project object */;
			proxyType = 1;
			remoteGlobalIDString = 4A9EFA1425F22B2A00634DCA;
			remoteInfo = SideMenuMockApp;
		};
		4A9EFA3725F22B2C00634DCA /* PBXContainerItemProxy */ = {
			isa = PBXContainerItemProxy;
			containerPortal = 4A9EFA0D25F22B2A00634DCA /* Project object */;
			proxyType = 1;
			remoteGlobalIDString = 4A9EFA1425F22B2A00634DCA;
			remoteInfo = SideMenuMockApp;
		};
/* End PBXContainerItemProxy section */

/* Begin PBXFileReference section */
		11F900FB070106A57D1CE3C6 /* Pods_SideMenuMockAppTests.framework */ = {isa = PBXFileReference; explicitFileType = wrapper.framework; includeInIndex = 0; path = Pods_SideMenuMockAppTests.framework; sourceTree = BUILT_PRODUCTS_DIR; };
		3D40143BAF3BCE7B7C730766 /* Pods-SideMenuMockApp-SideMenuMockAppUITests.debug.xcconfig */ = {isa = PBXFileReference; includeInIndex = 1; lastKnownFileType = text.xcconfig; name = "Pods-SideMenuMockApp-SideMenuMockAppUITests.debug.xcconfig"; path = "Target Support Files/Pods-SideMenuMockApp-SideMenuMockAppUITests/Pods-SideMenuMockApp-SideMenuMockAppUITests.debug.xcconfig"; sourceTree = "<group>"; };
		3D84482AD60FBB31B26B2BF3 /* Pods-SideMenuMockAppTests.debug.xcconfig */ = {isa = PBXFileReference; includeInIndex = 1; lastKnownFileType = text.xcconfig; name = "Pods-SideMenuMockAppTests.debug.xcconfig"; path = "Target Support Files/Pods-SideMenuMockAppTests/Pods-SideMenuMockAppTests.debug.xcconfig"; sourceTree = "<group>"; };
		4A9EFA1525F22B2A00634DCA /* SideMenuMockApp.app */ = {isa = PBXFileReference; explicitFileType = wrapper.application; includeInIndex = 0; path = SideMenuMockApp.app; sourceTree = BUILT_PRODUCTS_DIR; };
		4A9EFA1825F22B2A00634DCA /* AppDelegate.swift */ = {isa = PBXFileReference; lastKnownFileType = sourcecode.swift; path = AppDelegate.swift; sourceTree = "<group>"; };
		4A9EFA1A25F22B2A00634DCA /* SceneDelegate.swift */ = {isa = PBXFileReference; lastKnownFileType = sourcecode.swift; path = SceneDelegate.swift; sourceTree = "<group>"; };
		4A9EFA1F25F22B2A00634DCA /* Base */ = {isa = PBXFileReference; lastKnownFileType = file.storyboard; name = Base; path = Base.lproj/Main.storyboard; sourceTree = "<group>"; };
		4A9EFA2125F22B2C00634DCA /* Assets.xcassets */ = {isa = PBXFileReference; lastKnownFileType = folder.assetcatalog; path = Assets.xcassets; sourceTree = "<group>"; };
		4A9EFA2425F22B2C00634DCA /* Base */ = {isa = PBXFileReference; lastKnownFileType = file.storyboard; name = Base; path = Base.lproj/LaunchScreen.storyboard; sourceTree = "<group>"; };
		4A9EFA2625F22B2C00634DCA /* Info.plist */ = {isa = PBXFileReference; lastKnownFileType = text.plist.xml; path = Info.plist; sourceTree = "<group>"; };
		4A9EFA2B25F22B2C00634DCA /* SideMenuMockAppTests.xctest */ = {isa = PBXFileReference; explicitFileType = wrapper.cfbundle; includeInIndex = 0; path = SideMenuMockAppTests.xctest; sourceTree = BUILT_PRODUCTS_DIR; };
		4A9EFA2F25F22B2C00634DCA /* SideMenuMockAppTests.swift */ = {isa = PBXFileReference; lastKnownFileType = sourcecode.swift; path = SideMenuMockAppTests.swift; sourceTree = "<group>"; };
		4A9EFA3125F22B2C00634DCA /* Info.plist */ = {isa = PBXFileReference; lastKnownFileType = text.plist.xml; path = Info.plist; sourceTree = "<group>"; };
		4A9EFA3625F22B2C00634DCA /* SideMenuMockAppUITests.xctest */ = {isa = PBXFileReference; explicitFileType = wrapper.cfbundle; includeInIndex = 0; path = SideMenuMockAppUITests.xctest; sourceTree = BUILT_PRODUCTS_DIR; };
		4A9EFA3A25F22B2C00634DCA /* SideMenuMockAppUITests.swift */ = {isa = PBXFileReference; lastKnownFileType = sourcecode.swift; path = SideMenuMockAppUITests.swift; sourceTree = "<group>"; };
		4A9EFA3C25F22B2C00634DCA /* Info.plist */ = {isa = PBXFileReference; lastKnownFileType = text.plist.xml; path = Info.plist; sourceTree = "<group>"; };
		4A9EFA5925F2653100634DCA /* MainViewController.swift */ = {isa = PBXFileReference; lastKnownFileType = sourcecode.swift; path = MainViewController.swift; sourceTree = "<group>"; };
		4A9EFA5E25F2654300634DCA /* SlideViewController.swift */ = {isa = PBXFileReference; lastKnownFileType = sourcecode.swift; path = SlideViewController.swift; sourceTree = "<group>"; };
		4A9EFA6325F2655800634DCA /* LeftViewController.swift */ = {isa = PBXFileReference; lastKnownFileType = sourcecode.swift; path = LeftViewController.swift; sourceTree = "<group>"; };
		4A9EFA6825F2656A00634DCA /* RightViewController.swift */ = {isa = PBXFileReference; lastKnownFileType = sourcecode.swift; path = RightViewController.swift; sourceTree = "<group>"; };
		7B42D51902C77E8F32CD69EA /* Pods_SideMenuMockApp_SideMenuMockAppUITests.framework */ = {isa = PBXFileReference; explicitFileType = wrapper.framework; includeInIndex = 0; path = Pods_SideMenuMockApp_SideMenuMockAppUITests.framework; sourceTree = BUILT_PRODUCTS_DIR; };
		8552C2AAD092CB917E113EFF /* Pods-SideMenuMockAppTests.release.xcconfig */ = {isa = PBXFileReference; includeInIndex = 1; lastKnownFileType = text.xcconfig; name = "Pods-SideMenuMockAppTests.release.xcconfig"; path = "Target Support Files/Pods-SideMenuMockAppTests/Pods-SideMenuMockAppTests.release.xcconfig"; sourceTree = "<group>"; };
		8D8B0C2E52FFDBA69EF5CB1F /* Pods-SideMenuMockApp.debug.xcconfig */ = {isa = PBXFileReference; includeInIndex = 1; lastKnownFileType = text.xcconfig; name = "Pods-SideMenuMockApp.debug.xcconfig"; path = "Target Support Files/Pods-SideMenuMockApp/Pods-SideMenuMockApp.debug.xcconfig"; sourceTree = "<group>"; };
		8EC620CA8BA640E7375354ED /* Pods_SideMenuMockApp.framework */ = {isa = PBXFileReference; explicitFileType = wrapper.framework; includeInIndex = 0; path = Pods_SideMenuMockApp.framework; sourceTree = BUILT_PRODUCTS_DIR; };
		B6DBC5320E6C36B871AE7AC9 /* Pods-SideMenuMockApp-SideMenuMockAppUITests.release.xcconfig */ = {isa = PBXFileReference; includeInIndex = 1; lastKnownFileType = text.xcconfig; name = "Pods-SideMenuMockApp-SideMenuMockAppUITests.release.xcconfig"; path = "Target Support Files/Pods-SideMenuMockApp-SideMenuMockAppUITests/Pods-SideMenuMockApp-SideMenuMockAppUITests.release.xcconfig"; sourceTree = "<group>"; };
		BB87ED487103B8655A729DFD /* Pods-SideMenuMockApp.release.xcconfig */ = {isa = PBXFileReference; includeInIndex = 1; lastKnownFileType = text.xcconfig; name = "Pods-SideMenuMockApp.release.xcconfig"; path = "Target Support Files/Pods-SideMenuMockApp/Pods-SideMenuMockApp.release.xcconfig"; sourceTree = "<group>"; };
/* End PBXFileReference section */

/* Begin PBXFrameworksBuildPhase section */
		4A9EFA1225F22B2A00634DCA /* Frameworks */ = {
			isa = PBXFrameworksBuildPhase;
			buildActionMask = 2147483647;
			files = (
				CEE319C8B3ADCC20DC0D767E /* Pods_SideMenuMockApp.framework in Frameworks */,
			);
			runOnlyForDeploymentPostprocessing = 0;
		};
		4A9EFA2825F22B2C00634DCA /* Frameworks */ = {
			isa = PBXFrameworksBuildPhase;
			buildActionMask = 2147483647;
			files = (
				0574C6A257D7332485A4A972 /* Pods_SideMenuMockAppTests.framework in Frameworks */,
			);
			runOnlyForDeploymentPostprocessing = 0;
		};
		4A9EFA3325F22B2C00634DCA /* Frameworks */ = {
			isa = PBXFrameworksBuildPhase;
			buildActionMask = 2147483647;
			files = (
				3BE0B55922B457FE749D2F5A /* Pods_SideMenuMockApp_SideMenuMockAppUITests.framework in Frameworks */,
			);
			runOnlyForDeploymentPostprocessing = 0;
		};
/* End PBXFrameworksBuildPhase section */

/* Begin PBXGroup section */
		42473DB9119BEA56DF5B0C5D /* Frameworks */ = {
			isa = PBXGroup;
			children = (
				8EC620CA8BA640E7375354ED /* Pods_SideMenuMockApp.framework */,
				7B42D51902C77E8F32CD69EA /* Pods_SideMenuMockApp_SideMenuMockAppUITests.framework */,
				11F900FB070106A57D1CE3C6 /* Pods_SideMenuMockAppTests.framework */,
			);
			name = Frameworks;
			sourceTree = "<group>";
		};
		45D5435D8C3475885193591F /* Pods */ = {
			isa = PBXGroup;
			children = (
				8D8B0C2E52FFDBA69EF5CB1F /* Pods-SideMenuMockApp.debug.xcconfig */,
				BB87ED487103B8655A729DFD /* Pods-SideMenuMockApp.release.xcconfig */,
				3D40143BAF3BCE7B7C730766 /* Pods-SideMenuMockApp-SideMenuMockAppUITests.debug.xcconfig */,
				B6DBC5320E6C36B871AE7AC9 /* Pods-SideMenuMockApp-SideMenuMockAppUITests.release.xcconfig */,
				3D84482AD60FBB31B26B2BF3 /* Pods-SideMenuMockAppTests.debug.xcconfig */,
				8552C2AAD092CB917E113EFF /* Pods-SideMenuMockAppTests.release.xcconfig */,
			);
			path = Pods;
			sourceTree = "<group>";
		};
		4A9EFA0C25F22B2A00634DCA = {
			isa = PBXGroup;
			children = (
				4A9EFA1725F22B2A00634DCA /* SideMenuMockApp */,
				4A9EFA2E25F22B2C00634DCA /* SideMenuMockAppTests */,
				4A9EFA3925F22B2C00634DCA /* SideMenuMockAppUITests */,
				4A9EFA1625F22B2A00634DCA /* Products */,
				45D5435D8C3475885193591F /* Pods */,
				42473DB9119BEA56DF5B0C5D /* Frameworks */,
			);
			sourceTree = "<group>";
		};
		4A9EFA1625F22B2A00634DCA /* Products */ = {
			isa = PBXGroup;
			children = (
				4A9EFA1525F22B2A00634DCA /* SideMenuMockApp.app */,
				4A9EFA2B25F22B2C00634DCA /* SideMenuMockAppTests.xctest */,
				4A9EFA3625F22B2C00634DCA /* SideMenuMockAppUITests.xctest */,
			);
			name = Products;
			sourceTree = "<group>";
		};
		4A9EFA1725F22B2A00634DCA /* SideMenuMockApp */ = {
			isa = PBXGroup;
			children = (
				4A9EFA1825F22B2A00634DCA /* AppDelegate.swift */,
				4A9EFA1A25F22B2A00634DCA /* SceneDelegate.swift */,
				4A9EFA1E25F22B2A00634DCA /* Main.storyboard */,
				4A9EFA2125F22B2C00634DCA /* Assets.xcassets */,
				4A9EFA2325F22B2C00634DCA /* LaunchScreen.storyboard */,
				4A9EFA2625F22B2C00634DCA /* Info.plist */,
				4A9EFA5925F2653100634DCA /* MainViewController.swift */,
				4A9EFA5E25F2654300634DCA /* SlideViewController.swift */,
				4A9EFA6325F2655800634DCA /* LeftViewController.swift */,
				4A9EFA6825F2656A00634DCA /* RightViewController.swift */,
			);
			path = SideMenuMockApp;
			sourceTree = "<group>";
		};
		4A9EFA2E25F22B2C00634DCA /* SideMenuMockAppTests */ = {
			isa = PBXGroup;
			children = (
				4A9EFA2F25F22B2C00634DCA /* SideMenuMockAppTests.swift */,
				4A9EFA3125F22B2C00634DCA /* Info.plist */,
			);
			path = SideMenuMockAppTests;
			sourceTree = "<group>";
		};
		4A9EFA3925F22B2C00634DCA /* SideMenuMockAppUITests */ = {
			isa = PBXGroup;
			children = (
				4A9EFA3A25F22B2C00634DCA /* SideMenuMockAppUITests.swift */,
				4A9EFA3C25F22B2C00634DCA /* Info.plist */,
			);
			path = SideMenuMockAppUITests;
			sourceTree = "<group>";
		};
/* End PBXGroup section */

/* Begin PBXNativeTarget section */
		4A9EFA1425F22B2A00634DCA /* SideMenuMockApp */ = {
			isa = PBXNativeTarget;
			buildConfigurationList = 4A9EFA3F25F22B2C00634DCA /* Build configuration list for PBXNativeTarget "SideMenuMockApp" */;
			buildPhases = (
				CDBAD37B8DFE7E6F28F26638 /* [CP] Check Pods Manifest.lock */,
				4A9EFA1125F22B2A00634DCA /* Sources */,
				4A9EFA1225F22B2A00634DCA /* Frameworks */,
				4A9EFA1325F22B2A00634DCA /* Resources */,
				51DD06CA10D2BDA239FB6C40 /* [CP] Embed Pods Frameworks */,
			);
			buildRules = (
			);
			dependencies = (
			);
			name = SideMenuMockApp;
			productName = SideMenuMockApp;
			productReference = 4A9EFA1525F22B2A00634DCA /* SideMenuMockApp.app */;
			productType = "com.apple.product-type.application";
		};
		4A9EFA2A25F22B2C00634DCA /* SideMenuMockAppTests */ = {
			isa = PBXNativeTarget;
			buildConfigurationList = 4A9EFA4225F22B2C00634DCA /* Build configuration list for PBXNativeTarget "SideMenuMockAppTests" */;
			buildPhases = (
				B64D3B2243DCD398234D6432 /* [CP] Check Pods Manifest.lock */,
				4A9EFA2725F22B2C00634DCA /* Sources */,
				4A9EFA2825F22B2C00634DCA /* Frameworks */,
				4A9EFA2925F22B2C00634DCA /* Resources */,
			);
			buildRules = (
			);
			dependencies = (
				4A9EFA2D25F22B2C00634DCA /* PBXTargetDependency */,
			);
			name = SideMenuMockAppTests;
			productName = SideMenuMockAppTests;
			productReference = 4A9EFA2B25F22B2C00634DCA /* SideMenuMockAppTests.xctest */;
			productType = "com.apple.product-type.bundle.unit-test";
		};
		4A9EFA3525F22B2C00634DCA /* SideMenuMockAppUITests */ = {
			isa = PBXNativeTarget;
			buildConfigurationList = 4A9EFA4525F22B2C00634DCA /* Build configuration list for PBXNativeTarget "SideMenuMockAppUITests" */;
			buildPhases = (
				07E6B4E777FFE11A4CFC0425 /* [CP] Check Pods Manifest.lock */,
				4A9EFA3225F22B2C00634DCA /* Sources */,
				4A9EFA3325F22B2C00634DCA /* Frameworks */,
				4A9EFA3425F22B2C00634DCA /* Resources */,
				FEB04506A69458090F68B6C1 /* [CP] Embed Pods Frameworks */,
			);
			buildRules = (
			);
			dependencies = (
				4A9EFA3825F22B2C00634DCA /* PBXTargetDependency */,
			);
			name = SideMenuMockAppUITests;
			productName = SideMenuMockAppUITests;
			productReference = 4A9EFA3625F22B2C00634DCA /* SideMenuMockAppUITests.xctest */;
			productType = "com.apple.product-type.bundle.ui-testing";
		};
/* End PBXNativeTarget section */

/* Begin PBXProject section */
		4A9EFA0D25F22B2A00634DCA /* Project object */ = {
			isa = PBXProject;
			attributes = {
				LastSwiftUpdateCheck = 1240;
				LastUpgradeCheck = 1240;
				TargetAttributes = {
					4A9EFA1425F22B2A00634DCA = {
						CreatedOnToolsVersion = 12.4;
					};
					4A9EFA2A25F22B2C00634DCA = {
						CreatedOnToolsVersion = 12.4;
						TestTargetID = 4A9EFA1425F22B2A00634DCA;
					};
					4A9EFA3525F22B2C00634DCA = {
						CreatedOnToolsVersion = 12.4;
						TestTargetID = 4A9EFA1425F22B2A00634DCA;
					};
				};
			};
			buildConfigurationList = 4A9EFA1025F22B2A00634DCA /* Build configuration list for PBXProject "SideMenuMockApp" */;
			compatibilityVersion = "Xcode 9.3";
			developmentRegion = en;
			hasScannedForEncodings = 0;
			knownRegions = (
				en,
				Base,
			);
			mainGroup = 4A9EFA0C25F22B2A00634DCA;
			productRefGroup = 4A9EFA1625F22B2A00634DCA /* Products */;
			projectDirPath = "";
			projectRoot = "";
			targets = (
				4A9EFA1425F22B2A00634DCA /* SideMenuMockApp */,
				4A9EFA2A25F22B2C00634DCA /* SideMenuMockAppTests */,
				4A9EFA3525F22B2C00634DCA /* SideMenuMockAppUITests */,
			);
		};
/* End PBXProject section */

/* Begin PBXResourcesBuildPhase section */
		4A9EFA1325F22B2A00634DCA /* Resources */ = {
			isa = PBXResourcesBuildPhase;
			buildActionMask = 2147483647;
			files = (
				4A9EFA2525F22B2C00634DCA /* LaunchScreen.storyboard in Resources */,
				4A9EFA2225F22B2C00634DCA /* Assets.xcassets in Resources */,
				4A9EFA2025F22B2A00634DCA /* Main.storyboard in Resources */,
			);
			runOnlyForDeploymentPostprocessing = 0;
		};
		4A9EFA2925F22B2C00634DCA /* Resources */ = {
			isa = PBXResourcesBuildPhase;
			buildActionMask = 2147483647;
			files = (
			);
			runOnlyForDeploymentPostprocessing = 0;
		};
		4A9EFA3425F22B2C00634DCA /* Resources */ = {
			isa = PBXResourcesBuildPhase;
			buildActionMask = 2147483647;
			files = (
			);
			runOnlyForDeploymentPostprocessing = 0;
		};
/* End PBXResourcesBuildPhase section */

/* Begin PBXShellScriptBuildPhase section */
		07E6B4E777FFE11A4CFC0425 /* [CP] Check Pods Manifest.lock */ = {
			isa = PBXShellScriptBuildPhase;
			buildActionMask = 2147483647;
			files = (
			);
			inputFileListPaths = (
			);
			inputPaths = (
				"${PODS_PODFILE_DIR_PATH}/Podfile.lock",
				"${PODS_ROOT}/Manifest.lock",
			);
			name = "[CP] Check Pods Manifest.lock";
			outputFileListPaths = (
			);
			outputPaths = (
				"$(DERIVED_FILE_DIR)/Pods-SideMenuMockApp-SideMenuMockAppUITests-checkManifestLockResult.txt",
			);
			runOnlyForDeploymentPostprocessing = 0;
			shellPath = /bin/sh;
			shellScript = "diff \"${PODS_PODFILE_DIR_PATH}/Podfile.lock\" \"${PODS_ROOT}/Manifest.lock\" > /dev/null\nif [ $? != 0 ] ; then\n    # print error to STDERR\n    echo \"error: The sandbox is not in sync with the Podfile.lock. Run 'pod install' or update your CocoaPods installation.\" >&2\n    exit 1\nfi\n# This output is used by Xcode 'outputs' to avoid re-running this script phase.\necho \"SUCCESS\" > \"${SCRIPT_OUTPUT_FILE_0}\"\n";
			showEnvVarsInLog = 0;
		};
		51DD06CA10D2BDA239FB6C40 /* [CP] Embed Pods Frameworks */ = {
			isa = PBXShellScriptBuildPhase;
			buildActionMask = 2147483647;
			files = (
			);
			inputFileListPaths = (
				"${PODS_ROOT}/Target Support Files/Pods-SideMenuMockApp/Pods-SideMenuMockApp-frameworks-${CONFIGURATION}-input-files.xcfilelist",
			);
			name = "[CP] Embed Pods Frameworks";
			outputFileListPaths = (
				"${PODS_ROOT}/Target Support Files/Pods-SideMenuMockApp/Pods-SideMenuMockApp-frameworks-${CONFIGURATION}-output-files.xcfilelist",
			);
			runOnlyForDeploymentPostprocessing = 0;
			shellPath = /bin/sh;
			shellScript = "\"${PODS_ROOT}/Target Support Files/Pods-SideMenuMockApp/Pods-SideMenuMockApp-frameworks.sh\"\n";
			showEnvVarsInLog = 0;
		};
		B64D3B2243DCD398234D6432 /* [CP] Check Pods Manifest.lock */ = {
			isa = PBXShellScriptBuildPhase;
			buildActionMask = 2147483647;
			files = (
			);
			inputFileListPaths = (
			);
			inputPaths = (
				"${PODS_PODFILE_DIR_PATH}/Podfile.lock",
				"${PODS_ROOT}/Manifest.lock",
			);
			name = "[CP] Check Pods Manifest.lock";
			outputFileListPaths = (
			);
			outputPaths = (
				"$(DERIVED_FILE_DIR)/Pods-SideMenuMockAppTests-checkManifestLockResult.txt",
			);
			runOnlyForDeploymentPostprocessing = 0;
			shellPath = /bin/sh;
			shellScript = "diff \"${PODS_PODFILE_DIR_PATH}/Podfile.lock\" \"${PODS_ROOT}/Manifest.lock\" > /dev/null\nif [ $? != 0 ] ; then\n    # print error to STDERR\n    echo \"error: The sandbox is not in sync with the Podfile.lock. Run 'pod install' or update your CocoaPods installation.\" >&2\n    exit 1\nfi\n# This output is used by Xcode 'outputs' to avoid re-running this script phase.\necho \"SUCCESS\" > \"${SCRIPT_OUTPUT_FILE_0}\"\n";
			showEnvVarsInLog = 0;
		};
		CDBAD37B8DFE7E6F28F26638 /* [CP] Check Pods Manifest.lock */ = {
			isa = PBXShellScriptBuildPhase;
			buildActionMask = 2147483647;
			files = (
			);
			inputFileListPaths = (
			);
			inputPaths = (
				"${PODS_PODFILE_DIR_PATH}/Podfile.lock",
				"${PODS_ROOT}/Manifest.lock",
			);
			name = "[CP] Check Pods Manifest.lock";
			outputFileListPaths = (
			);
			outputPaths = (
				"$(DERIVED_FILE_DIR)/Pods-SideMenuMockApp-checkManifestLockResult.txt",
			);
			runOnlyForDeploymentPostprocessing = 0;
			shellPath = /bin/sh;
			shellScript = "diff \"${PODS_PODFILE_DIR_PATH}/Podfile.lock\" \"${PODS_ROOT}/Manifest.lock\" > /dev/null\nif [ $? != 0 ] ; then\n    # print error to STDERR\n    echo \"error: The sandbox is not in sync with the Podfile.lock. Run 'pod install' or update your CocoaPods installation.\" >&2\n    exit 1\nfi\n# This output is used by Xcode 'outputs' to avoid re-running this script phase.\necho \"SUCCESS\" > \"${SCRIPT_OUTPUT_FILE_0}\"\n";
			showEnvVarsInLog = 0;
		};
		FEB04506A69458090F68B6C1 /* [CP] Embed Pods Frameworks */ = {
			isa = PBXShellScriptBuildPhase;
			buildActionMask = 2147483647;
			files = (
			);
			inputFileListPaths = (
				"${PODS_ROOT}/Target Support Files/Pods-SideMenuMockApp-SideMenuMockAppUITests/Pods-SideMenuMockApp-SideMenuMockAppUITests-frameworks-${CONFIGURATION}-input-files.xcfilelist",
			);
			name = "[CP] Embed Pods Frameworks";
			outputFileListPaths = (
				"${PODS_ROOT}/Target Support Files/Pods-SideMenuMockApp-SideMenuMockAppUITests/Pods-SideMenuMockApp-SideMenuMockAppUITests-frameworks-${CONFIGURATION}-output-files.xcfilelist",
			);
			runOnlyForDeploymentPostprocessing = 0;
			shellPath = /bin/sh;
			shellScript = "\"${PODS_ROOT}/Target Support Files/Pods-SideMenuMockApp-SideMenuMockAppUITests/Pods-SideMenuMockApp-SideMenuMockAppUITests-frameworks.sh\"\n";
			showEnvVarsInLog = 0;
		};
/* End PBXShellScriptBuildPhase section */

/* Begin PBXSourcesBuildPhase section */
		4A9EFA1125F22B2A00634DCA /* Sources */ = {
			isa = PBXSourcesBuildPhase;
			buildActionMask = 2147483647;
			files = (
				4A9EFA5F25F2654300634DCA /* SlideViewController.swift in Sources */,
				4A9EFA5A25F2653100634DCA /* MainViewController.swift in Sources */,
				4A9EFA1925F22B2A00634DCA /* AppDelegate.swift in Sources */,
				4A9EFA6425F2655800634DCA /* LeftViewController.swift in Sources */,
				4A9EFA1B25F22B2A00634DCA /* SceneDelegate.swift in Sources */,
				4A9EFA6925F2656A00634DCA /* RightViewController.swift in Sources */,
			);
			runOnlyForDeploymentPostprocessing = 0;
		};
		4A9EFA2725F22B2C00634DCA /* Sources */ = {
			isa = PBXSourcesBuildPhase;
			buildActionMask = 2147483647;
			files = (
				4A9EFA3025F22B2C00634DCA /* SideMenuMockAppTests.swift in Sources */,
			);
			runOnlyForDeploymentPostprocessing = 0;
		};
		4A9EFA3225F22B2C00634DCA /* Sources */ = {
			isa = PBXSourcesBuildPhase;
			buildActionMask = 2147483647;
			files = (
				4A9EFA3B25F22B2C00634DCA /* SideMenuMockAppUITests.swift in Sources */,
			);
			runOnlyForDeploymentPostprocessing = 0;
		};
/* End PBXSourcesBuildPhase section */

/* Begin PBXTargetDependency section */
		4A9EFA2D25F22B2C00634DCA /* PBXTargetDependency */ = {
			isa = PBXTargetDependency;
			target = 4A9EFA1425F22B2A00634DCA /* SideMenuMockApp */;
			targetProxy = 4A9EFA2C25F22B2C00634DCA /* PBXContainerItemProxy */;
		};
		4A9EFA3825F22B2C00634DCA /* PBXTargetDependency */ = {
			isa = PBXTargetDependency;
			target = 4A9EFA1425F22B2A00634DCA /* SideMenuMockApp */;
			targetProxy = 4A9EFA3725F22B2C00634DCA /* PBXContainerItemProxy */;
		};
/* End PBXTargetDependency section */

/* Begin PBXVariantGroup section */
		4A9EFA1E25F22B2A00634DCA /* Main.storyboard */ = {
			isa = PBXVariantGroup;
			children = (
				4A9EFA1F25F22B2A00634DCA /* Base */,
			);
			name = Main.storyboard;
			sourceTree = "<group>";
		};
		4A9EFA2325F22B2C00634DCA /* LaunchScreen.storyboard */ = {
			isa = PBXVariantGroup;
			children = (
				4A9EFA2425F22B2C00634DCA /* Base */,
			);
			name = LaunchScreen.storyboard;
			sourceTree = "<group>";
		};
/* End PBXVariantGroup section */

/* Begin XCBuildConfiguration section */
		4A9EFA3D25F22B2C00634DCA /* Debug */ = {
			isa = XCBuildConfiguration;
			buildSettings = {
				ALWAYS_SEARCH_USER_PATHS = NO;
				CLANG_ANALYZER_NONNULL = YES;
				CLANG_ANALYZER_NUMBER_OBJECT_CONVERSION = YES_AGGRESSIVE;
				CLANG_CXX_LANGUAGE_STANDARD = "gnu++14";
				CLANG_CXX_LIBRARY = "libc++";
				CLANG_ENABLE_MODULES = YES;
				CLANG_ENABLE_OBJC_ARC = YES;
				CLANG_ENABLE_OBJC_WEAK = YES;
				CLANG_WARN_BLOCK_CAPTURE_AUTORELEASING = YES;
				CLANG_WARN_BOOL_CONVERSION = YES;
				CLANG_WARN_COMMA = YES;
				CLANG_WARN_CONSTANT_CONVERSION = YES;
				CLANG_WARN_DEPRECATED_OBJC_IMPLEMENTATIONS = YES;
				CLANG_WARN_DIRECT_OBJC_ISA_USAGE = YES_ERROR;
				CLANG_WARN_DOCUMENTATION_COMMENTS = YES;
				CLANG_WARN_EMPTY_BODY = YES;
				CLANG_WARN_ENUM_CONVERSION = YES;
				CLANG_WARN_INFINITE_RECURSION = YES;
				CLANG_WARN_INT_CONVERSION = YES;
				CLANG_WARN_NON_LITERAL_NULL_CONVERSION = YES;
				CLANG_WARN_OBJC_IMPLICIT_RETAIN_SELF = YES;
				CLANG_WARN_OBJC_LITERAL_CONVERSION = YES;
				CLANG_WARN_OBJC_ROOT_CLASS = YES_ERROR;
				CLANG_WARN_QUOTED_INCLUDE_IN_FRAMEWORK_HEADER = YES;
				CLANG_WARN_RANGE_LOOP_ANALYSIS = YES;
				CLANG_WARN_STRICT_PROTOTYPES = YES;
				CLANG_WARN_SUSPICIOUS_MOVE = YES;
				CLANG_WARN_UNGUARDED_AVAILABILITY = YES_AGGRESSIVE;
				CLANG_WARN_UNREACHABLE_CODE = YES;
				CLANG_WARN__DUPLICATE_METHOD_MATCH = YES;
				COPY_PHASE_STRIP = NO;
				DEBUG_INFORMATION_FORMAT = dwarf;
				ENABLE_STRICT_OBJC_MSGSEND = YES;
				ENABLE_TESTABILITY = YES;
				GCC_C_LANGUAGE_STANDARD = gnu11;
				GCC_DYNAMIC_NO_PIC = NO;
				GCC_NO_COMMON_BLOCKS = YES;
				GCC_OPTIMIZATION_LEVEL = 0;
				GCC_PREPROCESSOR_DEFINITIONS = (
					"DEBUG=1",
					"$(inherited)",
				);
				GCC_WARN_64_TO_32_BIT_CONVERSION = YES;
				GCC_WARN_ABOUT_RETURN_TYPE = YES_ERROR;
				GCC_WARN_UNDECLARED_SELECTOR = YES;
				GCC_WARN_UNINITIALIZED_AUTOS = YES_AGGRESSIVE;
				GCC_WARN_UNUSED_FUNCTION = YES;
				GCC_WARN_UNUSED_VARIABLE = YES;
				IPHONEOS_DEPLOYMENT_TARGET = 14.4;
				MTL_ENABLE_DEBUG_INFO = INCLUDE_SOURCE;
				MTL_FAST_MATH = YES;
				ONLY_ACTIVE_ARCH = YES;
				SDKROOT = iphoneos;
				SWIFT_ACTIVE_COMPILATION_CONDITIONS = DEBUG;
				SWIFT_OPTIMIZATION_LEVEL = "-Onone";
			};
			name = Debug;
		};
		4A9EFA3E25F22B2C00634DCA /* Release */ = {
			isa = XCBuildConfiguration;
			buildSettings = {
				ALWAYS_SEARCH_USER_PATHS = NO;
				CLANG_ANALYZER_NONNULL = YES;
				CLANG_ANALYZER_NUMBER_OBJECT_CONVERSION = YES_AGGRESSIVE;
				CLANG_CXX_LANGUAGE_STANDARD = "gnu++14";
				CLANG_CXX_LIBRARY = "libc++";
				CLANG_ENABLE_MODULES = YES;
				CLANG_ENABLE_OBJC_ARC = YES;
				CLANG_ENABLE_OBJC_WEAK = YES;
				CLANG_WARN_BLOCK_CAPTURE_AUTORELEASING = YES;
				CLANG_WARN_BOOL_CONVERSION = YES;
				CLANG_WARN_COMMA = YES;
				CLANG_WARN_CONSTANT_CONVERSION = YES;
				CLANG_WARN_DEPRECATED_OBJC_IMPLEMENTATIONS = YES;
				CLANG_WARN_DIRECT_OBJC_ISA_USAGE = YES_ERROR;
				CLANG_WARN_DOCUMENTATION_COMMENTS = YES;
				CLANG_WARN_EMPTY_BODY = YES;
				CLANG_WARN_ENUM_CONVERSION = YES;
				CLANG_WARN_INFINITE_RECURSION = YES;
				CLANG_WARN_INT_CONVERSION = YES;
				CLANG_WARN_NON_LITERAL_NULL_CONVERSION = YES;
				CLANG_WARN_OBJC_IMPLICIT_RETAIN_SELF = YES;
				CLANG_WARN_OBJC_LITERAL_CONVERSION = YES;
				CLANG_WARN_OBJC_ROOT_CLASS = YES_ERROR;
				CLANG_WARN_QUOTED_INCLUDE_IN_FRAMEWORK_HEADER = YES;
				CLANG_WARN_RANGE_LOOP_ANALYSIS = YES;
				CLANG_WARN_STRICT_PROTOTYPES = YES;
				CLANG_WARN_SUSPICIOUS_MOVE = YES;
				CLANG_WARN_UNGUARDED_AVAILABILITY = YES_AGGRESSIVE;
				CLANG_WARN_UNREACHABLE_CODE = YES;
				CLANG_WARN__DUPLICATE_METHOD_MATCH = YES;
				COPY_PHASE_STRIP = NO;
				DEBUG_INFORMATION_FORMAT = "dwarf-with-dsym";
				ENABLE_NS_ASSERTIONS = NO;
				ENABLE_STRICT_OBJC_MSGSEND = YES;
				GCC_C_LANGUAGE_STANDARD = gnu11;
				GCC_NO_COMMON_BLOCKS = YES;
				GCC_WARN_64_TO_32_BIT_CONVERSION = YES;
				GCC_WARN_ABOUT_RETURN_TYPE = YES_ERROR;
				GCC_WARN_UNDECLARED_SELECTOR = YES;
				GCC_WARN_UNINITIALIZED_AUTOS = YES_AGGRESSIVE;
				GCC_WARN_UNUSED_FUNCTION = YES;
				GCC_WARN_UNUSED_VARIABLE = YES;
				IPHONEOS_DEPLOYMENT_TARGET = 14.4;
				MTL_ENABLE_DEBUG_INFO = NO;
				MTL_FAST_MATH = YES;
				SDKROOT = iphoneos;
				SWIFT_COMPILATION_MODE = wholemodule;
				SWIFT_OPTIMIZATION_LEVEL = "-O";
				VALIDATE_PRODUCT = YES;
			};
			name = Release;
		};
		4A9EFA4025F22B2C00634DCA /* Debug */ = {
			isa = XCBuildConfiguration;
			baseConfigurationReference = 8D8B0C2E52FFDBA69EF5CB1F /* Pods-SideMenuMockApp.debug.xcconfig */;
			buildSettings = {
				ASSETCATALOG_COMPILER_APPICON_NAME = AppIcon;
				ASSETCATALOG_COMPILER_GLOBAL_ACCENT_COLOR_NAME = AccentColor;
				CODE_SIGN_STYLE = Automatic;
				INFOPLIST_FILE = SideMenuMockApp/Info.plist;
				LD_RUNPATH_SEARCH_PATHS = (
					"$(inherited)",
					"@executable_path/Frameworks",
				);
				PRODUCT_BUNDLE_IDENTIFIER = playground.mobile.taichi.SideMenuMockApp;
				PRODUCT_NAME = "$(TARGET_NAME)";
				SWIFT_VERSION = 5.0;
				TARGETED_DEVICE_FAMILY = "1,2";
			};
			name = Debug;
		};
		4A9EFA4125F22B2C00634DCA /* Release */ = {
			isa = XCBuildConfiguration;
			baseConfigurationReference = BB87ED487103B8655A729DFD /* Pods-SideMenuMockApp.release.xcconfig */;
			buildSettings = {
				ASSETCATALOG_COMPILER_APPICON_NAME = AppIcon;
				ASSETCATALOG_COMPILER_GLOBAL_ACCENT_COLOR_NAME = AccentColor;
				CODE_SIGN_STYLE = Automatic;
				INFOPLIST_FILE = SideMenuMockApp/Info.plist;
				LD_RUNPATH_SEARCH_PATHS = (
					"$(inherited)",
					"@executable_path/Frameworks",
				);
				PRODUCT_BUNDLE_IDENTIFIER = playground.mobile.taichi.SideMenuMockApp;
				PRODUCT_NAME = "$(TARGET_NAME)";
				SWIFT_VERSION = 5.0;
				TARGETED_DEVICE_FAMILY = "1,2";
			};
			name = Release;
		};
		4A9EFA4325F22B2C00634DCA /* Debug */ = {
			isa = XCBuildConfiguration;
			baseConfigurationReference = 3D84482AD60FBB31B26B2BF3 /* Pods-SideMenuMockAppTests.debug.xcconfig */;
			buildSettings = {
				ALWAYS_EMBED_SWIFT_STANDARD_LIBRARIES = YES;
				BUNDLE_LOADER = "$(TEST_HOST)";
				CODE_SIGN_STYLE = Automatic;
				INFOPLIST_FILE = SideMenuMockAppTests/Info.plist;
				IPHONEOS_DEPLOYMENT_TARGET = 14.4;
				LD_RUNPATH_SEARCH_PATHS = (
					"$(inherited)",
					"@executable_path/Frameworks",
					"@loader_path/Frameworks",
				);
				PRODUCT_BUNDLE_IDENTIFIER = playground.mobile.taichi.SideMenuMockAppTests;
				PRODUCT_NAME = "$(TARGET_NAME)";
				SWIFT_VERSION = 5.0;
				TARGETED_DEVICE_FAMILY = "1,2";
				TEST_HOST = "$(BUILT_PRODUCTS_DIR)/SideMenuMockApp.app/SideMenuMockApp";
			};
			name = Debug;
		};
		4A9EFA4425F22B2C00634DCA /* Release */ = {
			isa = XCBuildConfiguration;
			baseConfigurationReference = 8552C2AAD092CB917E113EFF /* Pods-SideMenuMockAppTests.release.xcconfig */;
			buildSettings = {
				ALWAYS_EMBED_SWIFT_STANDARD_LIBRARIES = YES;
				BUNDLE_LOADER = "$(TEST_HOST)";
				CODE_SIGN_STYLE = Automatic;
				INFOPLIST_FILE = SideMenuMockAppTests/Info.plist;
				IPHONEOS_DEPLOYMENT_TARGET = 14.4;
				LD_RUNPATH_SEARCH_PATHS = (
					"$(inherited)",
					"@executable_path/Frameworks",
					"@loader_path/Frameworks",
				);
				PRODUCT_BUNDLE_IDENTIFIER = playground.mobile.taichi.SideMenuMockAppTests;
				PRODUCT_NAME = "$(TARGET_NAME)";
				SWIFT_VERSION = 5.0;
				TARGETED_DEVICE_FAMILY = "1,2";
				TEST_HOST = "$(BUILT_PRODUCTS_DIR)/SideMenuMockApp.app/SideMenuMockApp";
			};
			name = Release;
		};
		4A9EFA4625F22B2C00634DCA /* Debug */ = {
			isa = XCBuildConfiguration;
			baseConfigurationReference = 3D40143BAF3BCE7B7C730766 /* Pods-SideMenuMockApp-SideMenuMockAppUITests.debug.xcconfig */;
			buildSettings = {
				ALWAYS_EMBED_SWIFT_STANDARD_LIBRARIES = YES;
				CODE_SIGN_STYLE = Automatic;
				INFOPLIST_FILE = SideMenuMockAppUITests/Info.plist;
				LD_RUNPATH_SEARCH_PATHS = (
					"$(inherited)",
					"@executable_path/Frameworks",
					"@loader_path/Frameworks",
				);
				PRODUCT_BUNDLE_IDENTIFIER = playground.mobile.taichi.SideMenuMockAppUITests;
				PRODUCT_NAME = "$(TARGET_NAME)";
				SWIFT_VERSION = 5.0;
				TARGETED_DEVICE_FAMILY = "1,2";
				TEST_TARGET_NAME = SideMenuMockApp;
			};
			name = Debug;
		};
		4A9EFA4725F22B2C00634DCA /* Release */ = {
			isa = XCBuildConfiguration;
			baseConfigurationReference = B6DBC5320E6C36B871AE7AC9 /* Pods-SideMenuMockApp-SideMenuMockAppUITests.release.xcconfig */;
			buildSettings = {
				ALWAYS_EMBED_SWIFT_STANDARD_LIBRARIES = YES;
				CODE_SIGN_STYLE = Automatic;
				INFOPLIST_FILE = SideMenuMockAppUITests/Info.plist;
				LD_RUNPATH_SEARCH_PATHS = (
					"$(inherited)",
					"@executable_path/Frameworks",
					"@loader_path/Frameworks",
				);
				PRODUCT_BUNDLE_IDENTIFIER = playground.mobile.taichi.SideMenuMockAppUITests;
				PRODUCT_NAME = "$(TARGET_NAME)";
				SWIFT_VERSION = 5.0;
				TARGETED_DEVICE_FAMILY = "1,2";
				TEST_TARGET_NAME = SideMenuMockApp;
			};
			name = Release;
		};
/* End XCBuildConfiguration section */

/* Begin XCConfigurationList section */
		4A9EFA1025F22B2A00634DCA /* Build configuration list for PBXProject "SideMenuMockApp" */ = {
			isa = XCConfigurationList;
			buildConfigurations = (
				4A9EFA3D25F22B2C00634DCA /* Debug */,
				4A9EFA3E25F22B2C00634DCA /* Release */,
			);
			defaultConfigurationIsVisible = 0;
			defaultConfigurationName = Release;
		};
		4A9EFA3F25F22B2C00634DCA /* Build configuration list for PBXNativeTarget "SideMenuMockApp" */ = {
			isa = XCConfigurationList;
			buildConfigurations = (
				4A9EFA4025F22B2C00634DCA /* Debug */,
				4A9EFA4125F22B2C00634DCA /* Release */,
			);
			defaultConfigurationIsVisible = 0;
			defaultConfigurationName = Release;
		};
		4A9EFA4225F22B2C00634DCA /* Build configuration list for PBXNativeTarget "SideMenuMockAppTests" */ = {
			isa = XCConfigurationList;
			buildConfigurations = (
				4A9EFA4325F22B2C00634DCA /* Debug */,
				4A9EFA4425F22B2C00634DCA /* Release */,
			);
			defaultConfigurationIsVisible = 0;
			defaultConfigurationName = Release;
		};
		4A9EFA4525F22B2C00634DCA /* Build configuration list for PBXNativeTarget "SideMenuMockAppUITests" */ = {
			isa = XCConfigurationList;
			buildConfigurations = (
				4A9EFA4625F22B2C00634DCA /* Debug */,
				4A9EFA4725F22B2C00634DCA /* Release */,
			);
			defaultConfigurationIsVisible = 0;
			defaultConfigurationName = Release;
		};
/* End XCConfigurationList section */
	};
	rootObject = 4A9EFA0D25F22B2A00634DCA /* Project object */;
}
